
Microsoft Visual Studio Solution File, Format Version 12.00
# Visual Studio Version 17
VisualStudioVersion = 17.9.34902.65
MinimumVisualStudioVersion = 10.0.40219.1
Project("{FAE04EC0-301F-11D3-BF4B-00C04F79EFBC}") = "lab4", "lab4\lab4.csproj", "{C4847AEB-235F-4523-832D-9D661B84AA55}"
EndProject
Project("{FAE04EC0-301F-11D3-BF4B-00C04F79EFBC}") = "Testlab4", "Testlab4\Testlab4.csproj", "{CDF36699-2BE9-4613-A2F0-469CCF0B9868}"
EndProject
Global
	GlobalSection(SolutionConfigurationPlatforms) = preSolution
		Debug|Any CPU = Debug|Any CPU
		Release|Any CPU = Release|Any CPU
	EndGlobalSection
	GlobalSection(ProjectConfigurationPlatforms) = postSolution
		{C4847AEB-235F-4523-832D-9D661B84AA55}.Debug|Any CPU.ActiveCfg = Debug|Any CPU
		{C4847AEB-235F-4523-832D-9D661B84AA55}.Debug|Any CPU.Build.0 = Debug|Any CPU
		{C4847AEB-235F-4523-832D-9D661B84AA55}.Release|Any CPU.ActiveCfg = Release|Any CPU
		{C4847AEB-235F-4523-832D-9D661B84AA55}.Release|Any CPU.Build.0 = Release|Any CPU
		{CDF36699-2BE9-4613-A2F0-469CCF0B9868}.Debug|Any CPU.ActiveCfg = Debug|Any CPU
		{CDF36699-2BE9-4613-A2F0-469CCF0B9868}.Debug|Any CPU.Build.0 = Debug|Any CPU
		{CDF36699-2BE9-4613-A2F0-469CCF0B9868}.Release|Any CPU.ActiveCfg = Release|Any CPU
		{CDF36699-2BE9-4613-A2F0-469CCF0B9868}.Release|Any CPU.Build.0 = Release|Any CPU
	EndGlobalSection
	GlobalSection(SolutionProperties) = preSolution
		HideSolutionNode = FALSE
	EndGlobalSection
	GlobalSection(ExtensibilityGlobals) = postSolution
		SolutionGuid = {C93300F9-3BA3-4FA7-9DA3-DF9647C4BFC5}
	EndGlobalSection
EndGlobal
